// !$*UTF8*$!
{
	archiveVersion = 1;
	classes = {
	};
	objectVersion = 56;
	objects = {

/* Begin PBXBuildFile section */
		042F01DB2CCA8E980004DFCB /* AppDelegate.swift in Sources */ = {isa = PBXBuildFile; fileRef = 042F01DA2CCA8E980004DFCB /* AppDelegate.swift */; };
		042F01DD2CCA8E980004DFCB /* SceneDelegate.swift in Sources */ = {isa = PBXBuildFile; fileRef = 042F01DC2CCA8E980004DFCB /* SceneDelegate.swift */; };
		042F01DF2CCA8E980004DFCB /* ViewController.swift in Sources */ = {isa = PBXBuildFile; fileRef = 042F01DE2CCA8E980004DFCB /* ViewController.swift */; };
		042F01E22CCA8E980004DFCB /* Base in Resources */ = {isa = PBXBuildFile; fileRef = 042F01E12CCA8E980004DFCB /* Base */; };
		042F01E42CCA8E9B0004DFCB /* Assets.xcassets in Resources */ = {isa = PBXBuildFile; fileRef = 042F01E32CCA8E9B0004DFCB /* Assets.xcassets */; };
		042F01E72CCA8E9B0004DFCB /* Base in Resources */ = {isa = PBXBuildFile; fileRef = 042F01E62CCA8E9B0004DFCB /* Base */; };
		042F01F12CCA93BF0004DFCB /* DevBranchViewController.swift in Sources */ = {isa = PBXBuildFile; fileRef = 042F01F02CCA93BF0004DFCB /* DevBranchViewController.swift */; };
		042F01F52CCA9B0D0004DFCB /* DevFirstBranchViewController.swift in Sources */ = {isa = PBXBuildFile; fileRef = 042F01F42CCA9B0D0004DFCB /* DevFirstBranchViewController.swift */; };
/* End PBXBuildFile section */

/* Begin PBXFileReference section */
		042F01D72CCA8E980004DFCB /* SourcetreeAppTest.app */ = {isa = PBXFileReference; explicitFileType = wrapper.application; includeInIndex = 0; path = SourcetreeAppTest.app; sourceTree = BUILT_PRODUCTS_DIR; };
		042F01DA2CCA8E980004DFCB /* AppDelegate.swift */ = {isa = PBXFileReference; lastKnownFileType = sourcecode.swift; path = AppDelegate.swift; sourceTree = "<group>"; };
		042F01DC2CCA8E980004DFCB /* SceneDelegate.swift */ = {isa = PBXFileReference; lastKnownFileType = sourcecode.swift; path = SceneDelegate.swift; sourceTree = "<group>"; };
		042F01DE2CCA8E980004DFCB /* ViewController.swift */ = {isa = PBXFileReference; lastKnownFileType = sourcecode.swift; path = ViewController.swift; sourceTree = "<group>"; };
		042F01E12CCA8E980004DFCB /* Base */ = {isa = PBXFileReference; lastKnownFileType = file.storyboard; name = Base; path = Base.lproj/Main.storyboard; sourceTree = "<group>"; };
		042F01E32CCA8E9B0004DFCB /* Assets.xcassets */ = {isa = PBXFileReference; lastKnownFileType = folder.assetcatalog; path = Assets.xcassets; sourceTree = "<group>"; };
		042F01E62CCA8E9B0004DFCB /* Base */ = {isa = PBXFileReference; lastKnownFileType = file.storyboard; name = Base; path = Base.lproj/LaunchScreen.storyboard; sourceTree = "<group>"; };
		042F01E82CCA8E9B0004DFCB /* Info.plist */ = {isa = PBXFileReference; lastKnownFileType = text.plist.xml; path = Info.plist; sourceTree = "<group>"; };
		042F01F02CCA93BF0004DFCB /* DevBranchViewController.swift */ = {isa = PBXFileReference; lastKnownFileType = sourcecode.swift; path = DevBranchViewController.swift; sourceTree = "<group>"; };
		042F01F42CCA9B0D0004DFCB /* DevFirstBranchViewController.swift */ = {isa = PBXFileReference; lastKnownFileType = sourcecode.swift; path = DevFirstBranchViewController.swift; sourceTree = "<group>"; };
/* End PBXFileReference section */

/* Begin PBXFrameworksBuildPhase section */
		042F01D42CCA8E980004DFCB /* Frameworks */ = {
			isa = PBXFrameworksBuildPhase;
			buildActionMask = 2147483647;
			files = (
			);
			runOnlyForDeploymentPostprocessing = 0;
		};
/* End PBXFrameworksBuildPhase section */

/* Begin PBXGroup section */
		042F01CE2CCA8E980004DFCB = {
			isa = PBXGroup;
			children = (
				042F01D92CCA8E980004DFCB /* SourcetreeAppTest */,
				042F01D82CCA8E980004DFCB /* Products */,
			);
			sourceTree = "<group>";
		};
		042F01D82CCA8E980004DFCB /* Products */ = {
			isa = PBXGroup;
			children = (
				042F01D72CCA8E980004DFCB /* SourcetreeAppTest.app */,
			);
			name = Products;
			sourceTree = "<group>";
		};
		042F01D92CCA8E980004DFCB /* SourcetreeAppTest */ = {
			isa = PBXGroup;
			children = (
				042F01DA2CCA8E980004DFCB /* AppDelegate.swift */,
				042F01DC2CCA8E980004DFCB /* SceneDelegate.swift */,
				042F01DE2CCA8E980004DFCB /* ViewController.swift */,
				042F01F42CCA9B0D0004DFCB /* DevFirstBranchViewController.swift */,
				042F01F02CCA93BF0004DFCB /* DevBranchViewController.swift */,
				042F01E02CCA8E980004DFCB /* Main.storyboard */,
				042F01E32CCA8E9B0004DFCB /* Assets.xcassets */,
				042F01E52CCA8E9B0004DFCB /* LaunchScreen.storyboard */,
				042F01E82CCA8E9B0004DFCB /* Info.plist */,
			);
			path = SourcetreeAppTest;
			sourceTree = "<group>";
		};
/* End PBXGroup section */

/* Begin PBXNativeTarget section */
		042F01D62CCA8E980004DFCB /* SourcetreeAppTest */ = {
			isa = PBXNativeTarget;
			buildConfigurationList = 042F01EB2CCA8E9B0004DFCB /* Build configuration list for PBXNativeTarget "SourcetreeAppTest" */;
			buildPhases = (
				042F01D32CCA8E980004DFCB /* Sources */,
				042F01D42CCA8E980004DFCB /* Frameworks */,
				042F01D52CCA8E980004DFCB /* Resources */,
			);
			buildRules = (
			);
			dependencies = (
			);
			name = SourcetreeAppTest;
			productName = SourcetreeAppTest;
			productReference = 042F01D72CCA8E980004DFCB /* SourcetreeAppTest.app */;
			productType = "com.apple.product-type.application";
		};
/* End PBXNativeTarget section */

/* Begin PBXProject section */
		042F01CF2CCA8E980004DFCB /* Project object */ = {
			isa = PBXProject;
			attributes = {
				BuildIndependentTargetsInParallel = 1;
				LastSwiftUpdateCheck = 1540;
				LastUpgradeCheck = 1540;
				TargetAttributes = {
					042F01D62CCA8E980004DFCB = {
						CreatedOnToolsVersion = 15.4;
					};
				};
			};
			buildConfigurationList = 042F01D22CCA8E980004DFCB /* Build configuration list for PBXProject "SourcetreeAppTest" */;
			compatibilityVersion = "Xcode 14.0";
			developmentRegion = en;
			hasScannedForEncodings = 0;
			knownRegions = (
				en,
				Base,
			);
			mainGroup = 042F01CE2CCA8E980004DFCB;
			productRefGroup = 042F01D82CCA8E980004DFCB /* Products */;
			projectDirPath = "";
			projectRoot = "";
			targets = (
				042F01D62CCA8E980004DFCB /* SourcetreeAppTest */,
			);
		};
/* End PBXProject section */

/* Begin PBXResourcesBuildPhase section */
		042F01D52CCA8E980004DFCB /* Resources */ = {
			isa = PBXResourcesBuildPhase;
			buildActionMask = 2147483647;
			files = (
				042F01E42CCA8E9B0004DFCB /* Assets.xcassets in Resources */,
				042F01E72CCA8E9B0004DFCB /* Base in Resources */,
				042F01E22CCA8E980004DFCB /* Base in Resources */,
			);
			runOnlyForDeploymentPostprocessing = 0;
		};
/* End PBXResourcesBuildPhase section */

/* Begin PBXSourcesBuildPhase section */
		042F01D32CCA8E980004DFCB /* Sources */ = {
			isa = PBXSourcesBuildPhase;
			buildActionMask = 2147483647;
			files = (
				042F01F12CCA93BF0004DFCB /* DevBranchViewController.swift in Sources */,
				042F01DF2CCA8E980004DFCB /* ViewController.swift in Sources */,
				042F01DB2CCA8E980004DFCB /* AppDelegate.swift in Sources */,
				042F01DD2CCA8E980004DFCB /* SceneDelegate.swift in Sources */,
				042F01F52CCA9B0D0004DFCB /* DevFirstBranchViewController.swift in Sources */,
			);
			runOnlyForDeploymentPostprocessing = 0;
		};
/* End PBXSourcesBuildPhase section */

/* Begin PBXVariantGroup section */
		042F01E02CCA8E980004DFCB /* Main.storyboard */ = {
			isa = PBXVariantGroup;
			children = (
				042F01E12CCA8E980004DFCB /* Base */,
			);
			name = Main.storyboard;
			sourceTree = "<group>";
		};
		042F01E52CCA8E9B0004DFCB /* LaunchScreen.storyboard */ = {
			isa = PBXVariantGroup;
			children = (
				042F01E62CCA8E9B0004DFCB /* Base */,
			);
			name = LaunchScreen.storyboard;
			sourceTree = "<group>";
		};
/* End PBXVariantGroup section */

/* Begin XCBuildConfiguration section */
		042F01E92CCA8E9B0004DFCB /* Debug */ = {
			isa = XCBuildConfiguration;
			buildSettings = {
				ALWAYS_SEARCH_USER_PATHS = NO;
				ASSETCATALOG_COMPILER_GENERATE_SWIFT_ASSET_SYMBOL_EXTENSIONS = YES;
				CLANG_ANALYZER_NONNULL = YES;
				CLANG_ANALYZER_NUMBER_OBJECT_CONVERSION = YES_AGGRESSIVE;
				CLANG_CXX_LANGUAGE_STANDARD = "gnu++20";
				CLANG_ENABLE_MODULES = YES;
				CLANG_ENABLE_OBJC_ARC = YES;
				CLANG_ENABLE_OBJC_WEAK = YES;
				CLANG_WARN_BLOCK_CAPTURE_AUTORELEASING = YES;
				CLANG_WARN_BOOL_CONVERSION = YES;
				CLANG_WARN_COMMA = YES;
				CLANG_WARN_CONSTANT_CONVERSION = YES;
				CLANG_WARN_DEPRECATED_OBJC_IMPLEMENTATIONS = YES;
				CLANG_WARN_DIRECT_OBJC_ISA_USAGE = YES_ERROR;
				CLANG_WARN_DOCUMENTATION_COMMENTS = YES;
				CLANG_WARN_EMPTY_BODY = YES;
				CLANG_WARN_ENUM_CONVERSION = YES;
				CLANG_WARN_INFINITE_RECURSION = YES;
				CLANG_WARN_INT_CONVERSION = YES;
				CLANG_WARN_NON_LITERAL_NULL_CONVERSION = YES;
				CLANG_WARN_OBJC_IMPLICIT_RETAIN_SELF = YES;
				CLANG_WARN_OBJC_LITERAL_CONVERSION = YES;
				CLANG_WARN_OBJC_ROOT_CLASS = YES_ERROR;
				CLANG_WARN_QUOTED_INCLUDE_IN_FRAMEWORK_HEADER = YES;
				CLANG_WARN_RANGE_LOOP_ANALYSIS = YES;
				CLANG_WARN_STRICT_PROTOTYPES = YES;
				CLANG_WARN_SUSPICIOUS_MOVE = YES;
				CLANG_WARN_UNGUARDED_AVAILABILITY = YES_AGGRESSIVE;
				CLANG_WARN_UNREACHABLE_CODE = YES;
				CLANG_WARN__DUPLICATE_METHOD_MATCH = YES;
				COPY_PHASE_STRIP = NO;
				DEBUG_INFORMATION_FORMAT = dwarf;
				ENABLE_STRICT_OBJC_MSGSEND = YES;
				ENABLE_TESTABILITY = YES;
				ENABLE_USER_SCRIPT_SANDBOXING = YES;
				GCC_C_LANGUAGE_STANDARD = gnu17;
				GCC_DYNAMIC_NO_PIC = NO;
				GCC_NO_COMMON_BLOCKS = YES;
				GCC_OPTIMIZATION_LEVEL = 0;
				GCC_PREPROCESSOR_DEFINITIONS = (
					"DEBUG=1",
					"$(inherited)",
				);
				GCC_WARN_64_TO_32_BIT_CONVERSION = YES;
				GCC_WARN_ABOUT_RETURN_TYPE = YES_ERROR;
				GCC_WARN_UNDECLARED_SELECTOR = YES;
				GCC_WARN_UNINITIALIZED_AUTOS = YES_AGGRESSIVE;
				GCC_WARN_UNUSED_FUNCTION = YES;
				GCC_WARN_UNUSED_VARIABLE = YES;
				IPHONEOS_DEPLOYMENT_TARGET = 17.5;
				LOCALIZATION_PREFERS_STRING_CATALOGS = YES;
				MTL_ENABLE_DEBUG_INFO = INCLUDE_SOURCE;
				MTL_FAST_MATH = YES;
				ONLY_ACTIVE_ARCH = YES;
				SDKROOT = iphoneos;
				SWIFT_ACTIVE_COMPILATION_CONDITIONS = "DEBUG $(inherited)";
				SWIFT_OPTIMIZATION_LEVEL = "-Onone";
			};
			name = Debug;
		};
		042F01EA2CCA8E9B0004DFCB /* Release */ = {
			isa = XCBuildConfiguration;
			buildSettings = {
				ALWAYS_SEARCH_USER_PATHS = NO;
				ASSETCATALOG_COMPILER_GENERATE_SWIFT_ASSET_SYMBOL_EXTENSIONS = YES;
				CLANG_ANALYZER_NONNULL = YES;
				CLANG_ANALYZER_NUMBER_OBJECT_CONVERSION = YES_AGGRESSIVE;
				CLANG_CXX_LANGUAGE_STANDARD = "gnu++20";
				CLANG_ENABLE_MODULES = YES;
				CLANG_ENABLE_OBJC_ARC = YES;
				CLANG_ENABLE_OBJC_WEAK = YES;
				CLANG_WARN_BLOCK_CAPTURE_AUTORELEASING = YES;
				CLANG_WARN_BOOL_CONVERSION = YES;
				CLANG_WARN_COMMA = YES;
				CLANG_WARN_CONSTANT_CONVERSION = YES;
				CLANG_WARN_DEPRECATED_OBJC_IMPLEMENTATIONS = YES;
				CLANG_WARN_DIRECT_OBJC_ISA_USAGE = YES_ERROR;
				CLANG_WARN_DOCUMENTATION_COMMENTS = YES;
				CLANG_WARN_EMPTY_BODY = YES;
				CLANG_WARN_ENUM_CONVERSION = YES;
				CLANG_WARN_INFINITE_RECURSION = YES;
				CLANG_WARN_INT_CONVERSION = YES;
				CLANG_WARN_NON_LITERAL_NULL_CONVERSION = YES;
				CLANG_WARN_OBJC_IMPLICIT_RETAIN_SELF = YES;
				CLANG_WARN_OBJC_LITERAL_CONVERSION = YES;
				CLANG_WARN_OBJC_ROOT_CLASS = YES_ERROR;
				CLANG_WARN_QUOTED_INCLUDE_IN_FRAMEWORK_HEADER = YES;
				CLANG_WARN_RANGE_LOOP_ANALYSIS = YES;
				CLANG_WARN_STRICT_PROTOTYPES = YES;
				CLANG_WARN_SUSPICIOUS_MOVE = YES;
				CLANG_WARN_UNGUARDED_AVAILABILITY = YES_AGGRESSIVE;
				CLANG_WARN_UNREACHABLE_CODE = YES;
				CLANG_WARN__DUPLICATE_METHOD_MATCH = YES;
				COPY_PHASE_STRIP = NO;
				DEBUG_INFORMATION_FORMAT = "dwarf-with-dsym";
				ENABLE_NS_ASSERTIONS = NO;
				ENABLE_STRICT_OBJC_MSGSEND = YES;
				ENABLE_USER_SCRIPT_SANDBOXING = YES;
				GCC_C_LANGUAGE_STANDARD = gnu17;
				GCC_NO_COMMON_BLOCKS = YES;
				GCC_WARN_64_TO_32_BIT_CONVERSION = YES;
				GCC_WARN_ABOUT_RETURN_TYPE = YES_ERROR;
				GCC_WARN_UNDECLARED_SELECTOR = YES;
				GCC_WARN_UNINITIALIZED_AUTOS = YES_AGGRESSIVE;
				GCC_WARN_UNUSED_FUNCTION = YES;
				GCC_WARN_UNUSED_VARIABLE = YES;
				IPHONEOS_DEPLOYMENT_TARGET = 17.5;
				LOCALIZATION_PREFERS_STRING_CATALOGS = YES;
				MTL_ENABLE_DEBUG_INFO = NO;
				MTL_FAST_MATH = YES;
				SDKROOT = iphoneos;
				SWIFT_COMPILATION_MODE = wholemodule;
				VALIDATE_PRODUCT = YES;
			};
			name = Release;
		};
		042F01EC2CCA8E9B0004DFCB /* Debug */ = {
			isa = XCBuildConfiguration;
			buildSettings = {
				ASSETCATALOG_COMPILER_APPICON_NAME = AppIcon;
				ASSETCATALOG_COMPILER_GLOBAL_ACCENT_COLOR_NAME = AccentColor;
				CODE_SIGN_STYLE = Automatic;
				CURRENT_PROJECT_VERSION = 1;
				ENABLE_USER_SCRIPT_SANDBOXING = NO;
				GENERATE_INFOPLIST_FILE = YES;
				INFOPLIST_FILE = SourcetreeAppTest/Info.plist;
				INFOPLIST_KEY_UIApplicationSupportsIndirectInputEvents = YES;
				INFOPLIST_KEY_UILaunchStoryboardName = LaunchScreen;
				INFOPLIST_KEY_UIMainStoryboardFile = Main;
				INFOPLIST_KEY_UISupportedInterfaceOrientations_iPad = "UIInterfaceOrientationPortrait UIInterfaceOrientationPortraitUpsideDown UIInterfaceOrientationLandscapeLeft UIInterfaceOrientationLandscapeRight";
				INFOPLIST_KEY_UISupportedInterfaceOrientations_iPhone = "UIInterfaceOrientationPortrait UIInterfaceOrientationLandscapeLeft UIInterfaceOrientationLandscapeRight";
				LD_RUNPATH_SEARCH_PATHS = (
					"$(inherited)",
					"@executable_path/Frameworks",
				);
				MARKETING_VERSION = 1.0;
				PRODUCT_BUNDLE_IDENTIFIER = MIT.SourcetreeAppTest;
				PRODUCT_NAME = "$(TARGET_NAME)";
				SWIFT_EMIT_LOC_STRINGS = YES;
				SWIFT_VERSION = 5.0;
				TARGETED_DEVICE_FAMILY = "1,2";
			};
			name = Debug;
		};
		042F01ED2CCA8E9B0004DFCB /* Release */ = {
			isa = XCBuildConfiguration;
			buildSettings = {
				ASSETCATALOG_COMPILER_APPICON_NAME = AppIcon;
				ASSETCATALOG_COMPILER_GLOBAL_ACCENT_COLOR_NAME = AccentColor;
				CODE_SIGN_STYLE = Automatic;
				CURRENT_PROJECT_VERSION = 1;
				ENABLE_USER_SCRIPT_SANDBOXING = NO;
				GENERATE_INFOPLIST_FILE = YES;
				INFOPLIST_FILE = SourcetreeAppTest/Info.plist;
				INFOPLIST_KEY_UIApplicationSupportsIndirectInputEvents = YES;
				INFOPLIST_KEY_UILaunchStoryboardName = LaunchScreen;
				INFOPLIST_KEY_UIMainStoryboardFile = Main;
				INFOPLIST_KEY_UISupportedInterfaceOrientations_iPad = "UIInterfaceOrientationPortrait UIInterfaceOrientationPortraitUpsideDown UIInterfaceOrientationLandscapeLeft UIInterfaceOrientationLandscapeRight";
				INFOPLIST_KEY_UISupportedInterfaceOrientations_iPhone = "UIInterfaceOrientationPortrait UIInterfaceOrientationLandscapeLeft UIInterfaceOrientationLandscapeRight";
				LD_RUNPATH_SEARCH_PATHS = (
					"$(inherited)",
					"@executable_path/Frameworks",
				);
				MARKETING_VERSION = 1.0;
				PRODUCT_BUNDLE_IDENTIFIER = MIT.SourcetreeAppTest;
				PRODUCT_NAME = "$(TARGET_NAME)";
				SWIFT_EMIT_LOC_STRINGS = YES;
				SWIFT_VERSION = 5.0;
				TARGETED_DEVICE_FAMILY = "1,2";
			};
			name = Release;
		};
/* End XCBuildConfiguration section */

/* Begin XCConfigurationList section */
		042F01D22CCA8E980004DFCB /* Build configuration list for PBXProject "SourcetreeAppTest" */ = {
			isa = XCConfigurationList;
			buildConfigurations = (
				042F01E92CCA8E9B0004DFCB /* Debug */,
				042F01EA2CCA8E9B0004DFCB /* Release */,
			);
			defaultConfigurationIsVisible = 0;
			defaultConfigurationName = Release;
		};
		042F01EB2CCA8E9B0004DFCB /* Build configuration list for PBXNativeTarget "SourcetreeAppTest" */ = {
			isa = XCConfigurationList;
			buildConfigurations = (
				042F01EC2CCA8E9B0004DFCB /* Debug */,
				042F01ED2CCA8E9B0004DFCB /* Release */,
			);
			defaultConfigurationIsVisible = 0;
			defaultConfigurationName = Release;
		};
/* End XCConfigurationList section */
	};
	rootObject = 042F01CF2CCA8E980004DFCB /* Project object */;
}
